
Microsoft Visual Studio Solution File, Format Version 12.00
# Visual Studio Version 17
VisualStudioVersion = 17.4.33213.308
MinimumVisualStudioVersion = 10.0.40219.1
Project("{FAE04EC0-301F-11D3-BF4B-00C04F79EFBC}") = "webApiTokenAuthentication", "webApiTokenAuthentication\webApiTokenAuthentication.csproj", "{D6B55254-8085-45C7-8DF3-AF59482AABB9}"
EndProject
Global
	GlobalSection(SolutionConfigurationPlatforms) = preSolution
		Debug|Any CPU = Debug|Any CPU
		Release|Any CPU = Release|Any CPU
	EndGlobalSection
	GlobalSection(ProjectConfigurationPlatforms) = postSolution
		{D6B55254-8085-45C7-8DF3-AF59482AABB9}.Debug|Any CPU.ActiveCfg = Debug|Any CPU
		{D6B55254-8085-45C7-8DF3-AF59482AABB9}.Debug|Any CPU.Build.0 = Debug|Any CPU
		{D6B55254-8085-45C7-8DF3-AF59482AABB9}.Release|Any CPU.ActiveCfg = Release|Any CPU
		{D6B55254-8085-45C7-8DF3-AF59482AABB9}.Release|Any CPU.Build.0 = Release|Any CPU
	EndGlobalSection
	GlobalSection(SolutionProperties) = preSolution
		HideSolutionNode = FALSE
	EndGlobalSection
	GlobalSection(ExtensibilityGlobals) = postSolution
		SolutionGuid = {ABF835D6-9663-4937-AE27-717AF1D91717}
	EndGlobalSection
EndGlobal
